
Microsoft Visual Studio Solution File, Format Version 12.00
# Visual Studio Version 17
VisualStudioVersion = 17.9.34723.18
MinimumVisualStudioVersion = 10.0.40219.1
Project("{FAE04EC0-301F-11D3-BF4B-00C04F79EFBC}") = "MinimalAPIs", "MinimalAPIs.csproj", "{2A215BE8-0969-42E9-84E0-F5C8AA31DAB2}"
EndProject
Global
	GlobalSection(SolutionConfigurationPlatforms) = preSolution
		Debug|Any CPU = Debug|Any CPU
		Release|Any CPU = Release|Any CPU
	EndGlobalSection
	GlobalSection(ProjectConfigurationPlatforms) = postSolution
		{2A215BE8-0969-42E9-84E0-F5C8AA31DAB2}.Debug|Any CPU.ActiveCfg = Debug|Any CPU
		{2A215BE8-0969-42E9-84E0-F5C8AA31DAB2}.Debug|Any CPU.Build.0 = Debug|Any CPU
		{2A215BE8-0969-42E9-84E0-F5C8AA31DAB2}.Release|Any CPU.ActiveCfg = Release|Any CPU
		{2A215BE8-0969-42E9-84E0-F5C8AA31DAB2}.Release|Any CPU.Build.0 = Release|Any CPU
	EndGlobalSection
	GlobalSection(SolutionProperties) = preSolution
		HideSolutionNode = FALSE
	EndGlobalSection
	GlobalSection(ExtensibilityGlobals) = postSolution
		SolutionGuid = {4AED7461-8E13-4514-8E16-92921E450D8C}
	EndGlobalSection
EndGlobal
